# THIS IS AN AUTOGENERATED FILE. DO NOT EDIT THIS FILE DIRECTLY.
# yarn lockfile v1


"@dword-design/dedent@^0.7.0":
  version "0.7.0"
  resolved "https://registry.yarnpkg.com/@dword-design/dedent/-/dedent-0.7.0.tgz#bd8b674213339b77c81fd0697c1da1e50fcc1d7c"
  integrity sha512-OFmAmzKiDUh9m7WRMYcoEOPI7b5tS5hdqQmtKDwF+ZssVJv8a+GHo9VOtFsmlw3h8Roh/9QzFWIsjSFZyQUMdg==
  dependencies:
    babel-plugin-add-module-exports "^1.0.2"

"@dword-design/endent@^1.0.0":
  version "1.4.1"
  resolved "https://registry.yarnpkg.com/@dword-design/endent/-/endent-1.4.1.tgz#b1b38b87048ff43b17060e075c44896ebd414ecd"
  integrity sha512-e2sCTzth5kyRdM0o+yEb5wBVzUdJL8Y6HblRGRV0Bif0knf1ZjRLhUjdCrqM+Muirb68X/xJzgdRDJVmLqgXGA==
  dependencies:
    "@dword-design/dedent" "^0.7.0"
    fast-json-parse "^1.0.3"
    objectorarray "^1.0.3"

"@dword-design/functions@^6.0.0":
  version "6.0.0"
  resolved "https://registry.yarnpkg.com/@dword-design/functions/-/functions-6.0.0.tgz#e2bdbf4b813f4dad9fb17596314d6e7b8a039723"
  integrity sha512-22X9eviXAbaz8xdYrp5Tj6KjDPiT+m3fppAP+wEqA3gecAlCyExABesA1bEZ57aXrXrbhNk88M8PvdAO/PLg3A==
  dependencies:
    "@dword-design/endent" "^1.0.0"
    delay "^6.0.0"
    lodash "^4.17.15"
    tinycolor2 "^1.4.1"

babel-plugin-add-module-exports@^1.0.2:
  version "1.0.4"
  resolved "https://registry.yarnpkg.com/babel-plugin-add-module-exports/-/babel-plugin-add-module-exports-1.0.4.tgz#6caa4ddbe1f578c6a5264d4d3e6c8a2720a7ca2b"
  integrity sha512-g+8yxHUZ60RcyaUpfNzy56OtWW+x9cyEe9j+CranqLiqbju2yf/Cy6ZtYK40EZxtrdHllzlVZgLmcOUCTlJ7Jg==

dedent@^0.7.0:
  version "0.7.0"
  resolved "https://registry.yarnpkg.com/dedent/-/dedent-0.7.0.tgz#2495ddbaf6eb874abb0e1be9df22d2e5a544326c"
  integrity sha512-Q6fKUPqnAHAyhiUgFU7BUzLiv0kd8saH9al7tnu5Q/okj6dnupxyTgFIBjVzJATdfIAm9NAsvXNzjaKa+bxVyA==

delay@^6.0.0:
  version "6.0.0"
  resolved "https://registry.yarnpkg.com/delay/-/delay-6.0.0.tgz#43749aefdf6cabd9e17b0d00bd3904525137e607"
  integrity sha512-2NJozoOHQ4NuZuVIr5CWd0iiLVIRSDepakaovIN+9eIDHEhdCAEvSy2cuf1DCrPPQLvHmbqTHODlhHg8UCy4zw==

dotenv@^16.4.4:
  version "16.4.4"
  resolved "https://registry.yarnpkg.com/dotenv/-/dotenv-16.4.4.tgz#a26e7bb95ebd36272ebb56edb80b826aecf224c1"
  integrity sha512-XvPXc8XAQThSjAbY6cQ/9PcBXmFoWuw1sQ3b8HqUCR6ziGXjkTi//kB9SWa2UwqlgdAIuRqAa/9hVljzPehbYg==

endent@^2.1.0:
  version "2.1.0"
  resolved "https://registry.yarnpkg.com/endent/-/endent-2.1.0.tgz#5aaba698fb569e5e18e69e1ff7a28ff35373cd88"
  integrity sha512-r8VyPX7XL8U01Xgnb1CjZ3XV+z90cXIJ9JPE/R9SEC9vpw2P6CfsRPJmp20DppC5N7ZAMCmjYkJIa744Iyg96w==
  dependencies:
    dedent "^0.7.0"
    fast-json-parse "^1.0.3"
    objectorarray "^1.0.5"

fast-json-parse@^1.0.3:
  version "1.0.3"
  resolved "https://registry.yarnpkg.com/fast-json-parse/-/fast-json-parse-1.0.3.tgz#43e5c61ee4efa9265633046b770fb682a7577c4d"
  integrity sha512-FRWsaZRWEJ1ESVNbDWmsAlqDk96gPQezzLghafp5J4GUKjbCz3OkAHuZs5TuPEtkbVQERysLp9xv6c24fBm8Aw==

lodash@^4.17.15:
  version "4.17.21"
  resolved "https://registry.yarnpkg.com/lodash/-/lodash-4.17.21.tgz#679591c564c3bffaae8454cf0b3df370c3d6911c"
  integrity sha512-v2kDEe57lecTulaDIuNTPy3Ry4gLGJ6Z1O3vE1krgXZNrsQ+LFTGHVxVjcXPs17LhbZVGedAJv8XZ1tvj5FvSg==

nodemailer@^6.9.9:
  version "6.9.9"
  resolved "https://registry.yarnpkg.com/nodemailer/-/nodemailer-6.9.9.tgz#4549bfbf710cc6addec5064dd0f19874d24248d9"
  integrity sha512-dexTll8zqQoVJEZPwQAKzxxtFn0qTnjdQTchoU6Re9BUUGBJiOy3YMn/0ShTW6J5M0dfQ1NeDeRTTl4oIWgQMA==

objectorarray@^1.0.3, objectorarray@^1.0.5:
  version "1.0.5"
  resolved "https://registry.yarnpkg.com/objectorarray/-/objectorarray-1.0.5.tgz#2c05248bbefabd8f43ad13b41085951aac5e68a5"
  integrity sha512-eJJDYkhJFFbBBAxeh8xW+weHlkI28n2ZdQV/J/DNfWfSKlGEf2xcfAbZTv3riEXHAhL9SVOTs2pRmXiSTf78xg==

tinycolor2@^1.4.1:
  version "1.6.0"
  resolved "https://registry.yarnpkg.com/tinycolor2/-/tinycolor2-1.6.0.tgz#f98007460169b0263b97072c5ae92484ce02d09e"
  integrity sha512-XPaBkWQJdsf3pLKJV9p4qN/S+fm2Oj8AIPo1BTUhg5oxkvm9+SVEGFdhyOz7tTdUTfvxMiAs4sp6/eZO2Ew+pw==
